
Microsoft Visual Studio Solution File, Format Version 12.00
# Visual Studio Version 17
VisualStudioVersion = 17.14.36414.22 d17.14
MinimumVisualStudioVersion = 10.0.40219.1
Project("{FAE04EC0-301F-11D3-BF4B-00C04F79EFBC}") = "Sportiki", "Sportiki\Sportiki.csproj", "{6AADE634-0E11-44BF-A3C6-F88A9A3B8D8D}"
EndProject
Global
	GlobalSection(SolutionConfigurationPlatforms) = preSolution
		Debug|Any CPU = Debug|Any CPU
		Release|Any CPU = Release|Any CPU
	EndGlobalSection
	GlobalSection(ProjectConfigurationPlatforms) = postSolution
		{6AADE634-0E11-44BF-A3C6-F88A9A3B8D8D}.Debug|Any CPU.ActiveCfg = Debug|Any CPU
		{6AADE634-0E11-44BF-A3C6-F88A9A3B8D8D}.Debug|Any CPU.Build.0 = Debug|Any CPU
		{6AADE634-0E11-44BF-A3C6-F88A9A3B8D8D}.Release|Any CPU.ActiveCfg = Release|Any CPU
		{6AADE634-0E11-44BF-A3C6-F88A9A3B8D8D}.Release|Any CPU.Build.0 = Release|Any CPU
	EndGlobalSection
	GlobalSection(SolutionProperties) = preSolution
		HideSolutionNode = FALSE
	EndGlobalSection
	GlobalSection(ExtensibilityGlobals) = postSolution
		SolutionGuid = {2E93A5F7-3DFF-4AB2-B372-BCE0A89F432E}
	EndGlobalSection
EndGlobal
